PODS:
  - Flutter (1.0.0)
  - GLTFSceneKit (0.3.0)

DEPENDENCIES:
  - Flutter (from `Flutter`)
  - GLTFSceneKit

SPEC REPOS:
  trunk:
    - GLTFSceneKit

EXTERNAL SOURCES:
  Flutter:
    :path: Flutter

SPEC CHECKSUMS:
  Flutter: cabc95a1d2626b1b06e7179b784ebcf0c0cde467
  GLTFSceneKit: d1b437c514ba2aed5555afb0fddd64e030612d57

PODFILE CHECKSUM: 61b16b86ee81b0e9b149bcf939feb7d9cf439fd4

COCOAPODS: 1.16.2
